
Microsoft Visual Studio Solution File, Format Version 12.00
# Visual Studio Version 16
VisualStudioVersion = 16.0.30413.136
MinimumVisualStudioVersion = 10.0.40219.1
Project("{9A19103F-16F7-4668-BE54-9A1E7A4F7556}") = "CrashAndBurn", "CrashAndBurn\CrashAndBurn.csproj", "{883C9A11-D683-430F-A4F4-AA7EFC90ACBF}"
EndProject
Project("{FAE04EC0-301F-11D3-BF4B-00C04F79EFBC}") = "CrashAndBurn.HistoryDownloader", "CrashAndBurn.HistoryDownloader\CrashAndBurn.HistoryDownloader.csproj", "{0D725067-2E66-47B1-8526-A4D1E67703C4}"
EndProject
Project("{FAE04EC0-301F-11D3-BF4B-00C04F79EFBC}") = "CrashAndBurn.Common", "CrashAndBurn.Common\CrashAndBurn.Common.csproj", "{110C3A16-B81C-41CC-9FE8-79DE692EB33E}"
EndProject
Global
	GlobalSection(SolutionConfigurationPlatforms) = preSolution
		Debug|Any CPU = Debug|Any CPU
		Release|Any CPU = Release|Any CPU
	EndGlobalSection
	GlobalSection(ProjectConfigurationPlatforms) = postSolution
		{883C9A11-D683-430F-A4F4-AA7EFC90ACBF}.Debug|Any CPU.ActiveCfg = Debug|Any CPU
		{883C9A11-D683-430F-A4F4-AA7EFC90ACBF}.Debug|Any CPU.Build.0 = Debug|Any CPU
		{883C9A11-D683-430F-A4F4-AA7EFC90ACBF}.Release|Any CPU.ActiveCfg = Release|Any CPU
		{883C9A11-D683-430F-A4F4-AA7EFC90ACBF}.Release|Any CPU.Build.0 = Release|Any CPU
		{0D725067-2E66-47B1-8526-A4D1E67703C4}.Debug|Any CPU.ActiveCfg = Debug|Any CPU
		{0D725067-2E66-47B1-8526-A4D1E67703C4}.Debug|Any CPU.Build.0 = Debug|Any CPU
		{0D725067-2E66-47B1-8526-A4D1E67703C4}.Release|Any CPU.ActiveCfg = Release|Any CPU
		{0D725067-2E66-47B1-8526-A4D1E67703C4}.Release|Any CPU.Build.0 = Release|Any CPU
		{110C3A16-B81C-41CC-9FE8-79DE692EB33E}.Debug|Any CPU.ActiveCfg = Debug|Any CPU
		{110C3A16-B81C-41CC-9FE8-79DE692EB33E}.Debug|Any CPU.Build.0 = Debug|Any CPU
		{110C3A16-B81C-41CC-9FE8-79DE692EB33E}.Release|Any CPU.ActiveCfg = Release|Any CPU
		{110C3A16-B81C-41CC-9FE8-79DE692EB33E}.Release|Any CPU.Build.0 = Release|Any CPU
	EndGlobalSection
	GlobalSection(SolutionProperties) = preSolution
		HideSolutionNode = FALSE
	EndGlobalSection
	GlobalSection(ExtensibilityGlobals) = postSolution
		SolutionGuid = {82DB46DC-1BE8-4A37-B330-2F811F6EE333}
	EndGlobalSection
EndGlobal
